{
  "sha": "e717a54b1ca5ec5e9f50c4b72bf7c651e183a09c",
  "sources": {
    "minitest-handler-cookbook": {
      "locked_version": "0.2.1",
      "git": "git@github.com:btm/minitest-handler-cookbook.git",
      "ref": "4891a2efa90d73472493a89c4b0f856e0454bd76"
    },
    "scm_check": {
      "locked_version": "0.1.0",
      "path": "/home/kalabiyau/Code/SCM/chef/cookbooks/scm_check"
    },
    "chef_handler": {
      "locked_version": "1.1.4",
      "constraint": "= 1.1.4"
    },
    "minitest-handler": {
      "locked_version": "0.2.1",
      "constraint": "= 0.2.1"
    }
  }
}
