cookbook 'minitest-handler-cookbook', :git => 'git@github.com:btm/minitest-handler-cookbook.git', :ref => 'master'
cookbook 'scm_check', :path => '/home/kalabiyau/Code/SCM/chef/cookbooks/scm_check'
cookbook 'chef_handler', :locked_version => '1.1.4'
cookbook 'minitest-handler', :locked_version => '0.2.1'