{
  "sha": "6b5b5d4f8281366d374292b2d228dfe95adab5df",
  "sources": {
    "minitest-handler-cookbook": {
      "locked_version": "0.2.1",
      "git": "https://github.com/btm/minitest-handler-cookbook.git",
      "ref": "4891a2efa90d73472493a89c4b0f856e0454bd76"
    },
    "scm_check": {
      "locked_version": "0.1.0",
      "path": "cookbooks/scm_check"
    },
    "chef_handler": {
      "locked_version": "1.1.4"
    },
    "minitest-handler": {
      "locked_version": "0.2.1"
    }
  }
}
